// !$*UTF8*$!
{
	archiveVersion = 1;
	classes = {
	};
	objectVersion = 56;
	objects = {

/* Begin PBXBuildFile section */
		FA065ED02B3074C000B584B4 /* SingleImageViewController.swift in Sources */ = {isa = PBXBuildFile; fileRef = FA065ECF2B3074C000B584B4 /* SingleImageViewController.swift */; };
		FA3148142B1B27A5006E5BE9 /* AppDelegate.swift in Sources */ = {isa = PBXBuildFile; fileRef = FA3148132B1B27A5006E5BE9 /* AppDelegate.swift */; };
		FA3148162B1B27A5006E5BE9 /* SceneDelegate.swift in Sources */ = {isa = PBXBuildFile; fileRef = FA3148152B1B27A5006E5BE9 /* SceneDelegate.swift */; };
		FA3148182B1B27A5006E5BE9 /* ImagesListViewController.swift in Sources */ = {isa = PBXBuildFile; fileRef = FA3148172B1B27A5006E5BE9 /* ImagesListViewController.swift */; };
		FA31481B2B1B27A5006E5BE9 /* Main.storyboard in Resources */ = {isa = PBXBuildFile; fileRef = FA3148192B1B27A5006E5BE9 /* Main.storyboard */; };
		FA31481D2B1B27A6006E5BE9 /* Assets.xcassets in Resources */ = {isa = PBXBuildFile; fileRef = FA31481C2B1B27A6006E5BE9 /* Assets.xcassets */; };
		FA3148202B1B27A6006E5BE9 /* LaunchScreen.storyboard in Resources */ = {isa = PBXBuildFile; fileRef = FA31481E2B1B27A6006E5BE9 /* LaunchScreen.storyboard */; };
		FA3D13472B2B110C00E52567 /* ProfileViewController.swift in Sources */ = {isa = PBXBuildFile; fileRef = FA3D13462B2B110C00E52567 /* ProfileViewController.swift */; };
		FA410E952B430859009BF045 /* Constants.swift in Sources */ = {isa = PBXBuildFile; fileRef = FA410E942B430859009BF045 /* Constants.swift */; };
		FA410E972B43151F009BF045 /* AuthViewController.swift in Sources */ = {isa = PBXBuildFile; fileRef = FA410E962B43151F009BF045 /* AuthViewController.swift */; };
		FA410E9A2B43195C009BF045 /* WebViewViewController.swift in Sources */ = {isa = PBXBuildFile; fileRef = FA410E992B43195C009BF045 /* WebViewViewController.swift */; };
		FAAC66C32B1E07D30007E7C7 /* ImagesListCell.swift in Sources */ = {isa = PBXBuildFile; fileRef = FAAC66C22B1E07D30007E7C7 /* ImagesListCell.swift */; };
		FAC3F07B2B4490C4006E7F02 /* OAuth2Service.swift in Sources */ = {isa = PBXBuildFile; fileRef = FAC3F07A2B4490C4006E7F02 /* OAuth2Service.swift */; };
		FAC3F07F2B4491EE006E7F02 /* OAuth2TokenStorage.swift in Sources */ = {isa = PBXBuildFile; fileRef = FAC3F07E2B4491EE006E7F02 /* OAuth2TokenStorage.swift */; };
		FAC3F0812B449316006E7F02 /* OAuthTokenResponseBody.swift in Sources */ = {isa = PBXBuildFile; fileRef = FAC3F0802B449316006E7F02 /* OAuthTokenResponseBody.swift */; };
		FAC3F0842B4493E5006E7F02 /* URLRequestExtension.swift in Sources */ = {isa = PBXBuildFile; fileRef = FAC3F0832B4493E5006E7F02 /* URLRequestExtension.swift */; };
		FAC3F0862B449416006E7F02 /* URLSessionExtension.swift in Sources */ = {isa = PBXBuildFile; fileRef = FAC3F0852B449416006E7F02 /* URLSessionExtension.swift */; };
		FAEB700D2B46C37100C412EA /* SplashViewController.swift in Sources */ = {isa = PBXBuildFile; fileRef = FAEB700C2B46C37100C412EA /* SplashViewController.swift */; };
/* End PBXBuildFile section */

/* Begin PBXFileReference section */
		FA065ECF2B3074C000B584B4 /* SingleImageViewController.swift */ = {isa = PBXFileReference; lastKnownFileType = sourcecode.swift; path = SingleImageViewController.swift; sourceTree = "<group>"; };
		FA3148102B1B27A5006E5BE9 /* ImageFeed.app */ = {isa = PBXFileReference; explicitFileType = wrapper.application; includeInIndex = 0; path = ImageFeed.app; sourceTree = BUILT_PRODUCTS_DIR; };
		FA3148132B1B27A5006E5BE9 /* AppDelegate.swift */ = {isa = PBXFileReference; lastKnownFileType = sourcecode.swift; path = AppDelegate.swift; sourceTree = "<group>"; };
		FA3148152B1B27A5006E5BE9 /* SceneDelegate.swift */ = {isa = PBXFileReference; lastKnownFileType = sourcecode.swift; path = SceneDelegate.swift; sourceTree = "<group>"; };
		FA3148172B1B27A5006E5BE9 /* ImagesListViewController.swift */ = {isa = PBXFileReference; lastKnownFileType = sourcecode.swift; path = ImagesListViewController.swift; sourceTree = "<group>"; };
		FA31481A2B1B27A5006E5BE9 /* Base */ = {isa = PBXFileReference; lastKnownFileType = file.storyboard; name = Base; path = Base.lproj/Main.storyboard; sourceTree = "<group>"; };
		FA31481C2B1B27A6006E5BE9 /* Assets.xcassets */ = {isa = PBXFileReference; lastKnownFileType = folder.assetcatalog; path = Assets.xcassets; sourceTree = "<group>"; };
		FA31481F2B1B27A6006E5BE9 /* Base */ = {isa = PBXFileReference; lastKnownFileType = file.storyboard; name = Base; path = Base.lproj/LaunchScreen.storyboard; sourceTree = "<group>"; };
		FA3148212B1B27A6006E5BE9 /* Info.plist */ = {isa = PBXFileReference; lastKnownFileType = text.plist.xml; path = Info.plist; sourceTree = "<group>"; };
		FA3D13462B2B110C00E52567 /* ProfileViewController.swift */ = {isa = PBXFileReference; lastKnownFileType = sourcecode.swift; path = ProfileViewController.swift; sourceTree = "<group>"; };
		FA410E942B430859009BF045 /* Constants.swift */ = {isa = PBXFileReference; lastKnownFileType = sourcecode.swift; path = Constants.swift; sourceTree = "<group>"; };
		FA410E962B43151F009BF045 /* AuthViewController.swift */ = {isa = PBXFileReference; lastKnownFileType = sourcecode.swift; path = AuthViewController.swift; sourceTree = "<group>"; };
		FA410E992B43195C009BF045 /* WebViewViewController.swift */ = {isa = PBXFileReference; lastKnownFileType = sourcecode.swift; path = WebViewViewController.swift; sourceTree = "<group>"; };
		FAAC66C22B1E07D30007E7C7 /* ImagesListCell.swift */ = {isa = PBXFileReference; lastKnownFileType = sourcecode.swift; path = ImagesListCell.swift; sourceTree = "<group>"; };
		FAC3F07A2B4490C4006E7F02 /* OAuth2Service.swift */ = {isa = PBXFileReference; lastKnownFileType = sourcecode.swift; path = OAuth2Service.swift; sourceTree = "<group>"; };
		FAC3F07E2B4491EE006E7F02 /* OAuth2TokenStorage.swift */ = {isa = PBXFileReference; lastKnownFileType = sourcecode.swift; path = OAuth2TokenStorage.swift; sourceTree = "<group>"; };
		FAC3F0802B449316006E7F02 /* OAuthTokenResponseBody.swift */ = {isa = PBXFileReference; lastKnownFileType = sourcecode.swift; path = OAuthTokenResponseBody.swift; sourceTree = "<group>"; };
		FAC3F0832B4493E5006E7F02 /* URLRequestExtension.swift */ = {isa = PBXFileReference; lastKnownFileType = sourcecode.swift; path = URLRequestExtension.swift; sourceTree = "<group>"; };
		FAC3F0852B449416006E7F02 /* URLSessionExtension.swift */ = {isa = PBXFileReference; lastKnownFileType = sourcecode.swift; path = URLSessionExtension.swift; sourceTree = "<group>"; };
		FAEB700C2B46C37100C412EA /* SplashViewController.swift */ = {isa = PBXFileReference; lastKnownFileType = sourcecode.swift; path = SplashViewController.swift; sourceTree = "<group>"; };
/* End PBXFileReference section */

/* Begin PBXFrameworksBuildPhase section */
		FA31480D2B1B27A5006E5BE9 /* Frameworks */ = {
			isa = PBXFrameworksBuildPhase;
			buildActionMask = 2147483647;
			files = (
			);
			runOnlyForDeploymentPostprocessing = 0;
		};
/* End PBXFrameworksBuildPhase section */

/* Begin PBXGroup section */
		FA3148072B1B27A5006E5BE9 = {
			isa = PBXGroup;
			children = (
				FA3148122B1B27A5006E5BE9 /* ImageFeed */,
				FA3148112B1B27A5006E5BE9 /* Products */,
			);
			sourceTree = "<group>";
		};
		FA3148112B1B27A5006E5BE9 /* Products */ = {
			isa = PBXGroup;
			children = (
				FA3148102B1B27A5006E5BE9 /* ImageFeed.app */,
			);
			name = Products;
			sourceTree = "<group>";
		};
		FA3148122B1B27A5006E5BE9 /* ImageFeed */ = {
			isa = PBXGroup;
			children = (
				FA3148132B1B27A5006E5BE9 /* AppDelegate.swift */,
				FA3148152B1B27A5006E5BE9 /* SceneDelegate.swift */,
				FA410E982B431866009BF045 /* Auth */,
				FAAC66C42B1E07F50007E7C7 /* ImagesList */,
				FAC3F07D2B4491C5006E7F02 /* OAuth2 */,
				FA3D13482B2B20C400E52567 /* Profile */,
				FAC3F0822B4493C5006E7F02 /* Services */,
				FA8A609B2B3090250098FA1F /* SingleImageView */,
				FAEB700B2B46C35700C412EA /* SplashViewController */,
				FA3148192B1B27A5006E5BE9 /* Main.storyboard */,
				FA31481C2B1B27A6006E5BE9 /* Assets.xcassets */,
				FA31481E2B1B27A6006E5BE9 /* LaunchScreen.storyboard */,
				FA3148212B1B27A6006E5BE9 /* Info.plist */,
			);
			path = ImageFeed;
			sourceTree = "<group>";
		};
		FA3D13482B2B20C400E52567 /* Profile */ = {
			isa = PBXGroup;
			children = (
				FA3D13462B2B110C00E52567 /* ProfileViewController.swift */,
			);
			path = Profile;
			sourceTree = "<group>";
		};
		FA410E982B431866009BF045 /* Auth */ = {
			isa = PBXGroup;
			children = (
				FA410E962B43151F009BF045 /* AuthViewController.swift */,
				FA410E992B43195C009BF045 /* WebViewViewController.swift */,
			);
			path = Auth;
			sourceTree = "<group>";
		};
		FA8A609B2B3090250098FA1F /* SingleImageView */ = {
			isa = PBXGroup;
			children = (
				FA065ECF2B3074C000B584B4 /* SingleImageViewController.swift */,
			);
			path = SingleImageView;
			sourceTree = "<group>";
		};
		FAAC66C42B1E07F50007E7C7 /* ImagesList */ = {
			isa = PBXGroup;
			children = (
				FA3148172B1B27A5006E5BE9 /* ImagesListViewController.swift */,
				FAAC66C22B1E07D30007E7C7 /* ImagesListCell.swift */,
			);
			path = ImagesList;
			sourceTree = "<group>";
		};
		FAC3F07D2B4491C5006E7F02 /* OAuth2 */ = {
			isa = PBXGroup;
			children = (
				FAC3F07A2B4490C4006E7F02 /* OAuth2Service.swift */,
				FAC3F07E2B4491EE006E7F02 /* OAuth2TokenStorage.swift */,
				FAC3F0802B449316006E7F02 /* OAuthTokenResponseBody.swift */,
			);
			path = OAuth2;
			sourceTree = "<group>";
		};
		FAC3F0822B4493C5006E7F02 /* Services */ = {
			isa = PBXGroup;
			children = (
				FA410E942B430859009BF045 /* Constants.swift */,
				FAC3F0832B4493E5006E7F02 /* URLRequestExtension.swift */,
				FAC3F0852B449416006E7F02 /* URLSessionExtension.swift */,
			);
			path = Services;
			sourceTree = "<group>";
		};
		FAEB700B2B46C35700C412EA /* SplashViewController */ = {
			isa = PBXGroup;
			children = (
				FAEB700C2B46C37100C412EA /* SplashViewController.swift */,
			);
			path = SplashViewController;
			sourceTree = "<group>";
		};
/* End PBXGroup section */

/* Begin PBXNativeTarget section */
		FA31480F2B1B27A5006E5BE9 /* ImageFeed */ = {
			isa = PBXNativeTarget;
			buildConfigurationList = FA3148242B1B27A6006E5BE9 /* Build configuration list for PBXNativeTarget "ImageFeed" */;
			buildPhases = (
				FA31480C2B1B27A5006E5BE9 /* Sources */,
				FA31480D2B1B27A5006E5BE9 /* Frameworks */,
				FA31480E2B1B27A5006E5BE9 /* Resources */,
			);
			buildRules = (
			);
			dependencies = (
			);
			name = ImageFeed;
			productName = ImageFeed;
			productReference = FA3148102B1B27A5006E5BE9 /* ImageFeed.app */;
			productType = "com.apple.product-type.application";
		};
/* End PBXNativeTarget section */

/* Begin PBXProject section */
		FA3148082B1B27A5006E5BE9 /* Project object */ = {
			isa = PBXProject;
			attributes = {
				BuildIndependentTargetsInParallel = 1;
				LastSwiftUpdateCheck = 1500;
				LastUpgradeCheck = 1500;
				TargetAttributes = {
					FA31480F2B1B27A5006E5BE9 = {
						CreatedOnToolsVersion = 15.0;
					};
				};
			};
			buildConfigurationList = FA31480B2B1B27A5006E5BE9 /* Build configuration list for PBXProject "ImageFeed" */;
			compatibilityVersion = "Xcode 14.0";
			developmentRegion = en;
			hasScannedForEncodings = 0;
			knownRegions = (
				en,
				Base,
			);
			mainGroup = FA3148072B1B27A5006E5BE9;
			productRefGroup = FA3148112B1B27A5006E5BE9 /* Products */;
			projectDirPath = "";
			projectRoot = "";
			targets = (
				FA31480F2B1B27A5006E5BE9 /* ImageFeed */,
			);
		};
/* End PBXProject section */

/* Begin PBXResourcesBuildPhase section */
		FA31480E2B1B27A5006E5BE9 /* Resources */ = {
			isa = PBXResourcesBuildPhase;
			buildActionMask = 2147483647;
			files = (
				FA3148202B1B27A6006E5BE9 /* LaunchScreen.storyboard in Resources */,
				FA31481D2B1B27A6006E5BE9 /* Assets.xcassets in Resources */,
				FA31481B2B1B27A5006E5BE9 /* Main.storyboard in Resources */,
			);
			runOnlyForDeploymentPostprocessing = 0;
		};
/* End PBXResourcesBuildPhase section */

/* Begin PBXSourcesBuildPhase section */
		FA31480C2B1B27A5006E5BE9 /* Sources */ = {
			isa = PBXSourcesBuildPhase;
			buildActionMask = 2147483647;
			files = (
				FA3148182B1B27A5006E5BE9 /* ImagesListViewController.swift in Sources */,
				FAAC66C32B1E07D30007E7C7 /* ImagesListCell.swift in Sources */,
				FAC3F0812B449316006E7F02 /* OAuthTokenResponseBody.swift in Sources */,
				FA3D13472B2B110C00E52567 /* ProfileViewController.swift in Sources */,
				FA3148142B1B27A5006E5BE9 /* AppDelegate.swift in Sources */,
				FAC3F07F2B4491EE006E7F02 /* OAuth2TokenStorage.swift in Sources */,
				FA410E972B43151F009BF045 /* AuthViewController.swift in Sources */,
				FAC3F0842B4493E5006E7F02 /* URLRequestExtension.swift in Sources */,
				FAC3F0862B449416006E7F02 /* URLSessionExtension.swift in Sources */,
				FAEB700D2B46C37100C412EA /* SplashViewController.swift in Sources */,
				FA410E952B430859009BF045 /* Constants.swift in Sources */,
				FA065ED02B3074C000B584B4 /* SingleImageViewController.swift in Sources */,
				FA410E9A2B43195C009BF045 /* WebViewViewController.swift in Sources */,
				FAC3F07B2B4490C4006E7F02 /* OAuth2Service.swift in Sources */,
				FA3148162B1B27A5006E5BE9 /* SceneDelegate.swift in Sources */,
			);
			runOnlyForDeploymentPostprocessing = 0;
		};
/* End PBXSourcesBuildPhase section */

/* Begin PBXVariantGroup section */
		FA3148192B1B27A5006E5BE9 /* Main.storyboard */ = {
			isa = PBXVariantGroup;
			children = (
				FA31481A2B1B27A5006E5BE9 /* Base */,
			);
			name = Main.storyboard;
			sourceTree = "<group>";
		};
		FA31481E2B1B27A6006E5BE9 /* LaunchScreen.storyboard */ = {
			isa = PBXVariantGroup;
			children = (
				FA31481F2B1B27A6006E5BE9 /* Base */,
			);
			name = LaunchScreen.storyboard;
			sourceTree = "<group>";
		};
/* End PBXVariantGroup section */

/* Begin XCBuildConfiguration section */
		FA3148222B1B27A6006E5BE9 /* Debug */ = {
			isa = XCBuildConfiguration;
			buildSettings = {
				ALWAYS_SEARCH_USER_PATHS = NO;
				ASSETCATALOG_COMPILER_GENERATE_SWIFT_ASSET_SYMBOL_EXTENSIONS = YES;
				CLANG_ANALYZER_NONNULL = YES;
				CLANG_ANALYZER_NUMBER_OBJECT_CONVERSION = YES_AGGRESSIVE;
				CLANG_CXX_LANGUAGE_STANDARD = "gnu++20";
				CLANG_ENABLE_MODULES = YES;
				CLANG_ENABLE_OBJC_ARC = YES;
				CLANG_ENABLE_OBJC_WEAK = YES;
				CLANG_WARN_BLOCK_CAPTURE_AUTORELEASING = YES;
				CLANG_WARN_BOOL_CONVERSION = YES;
				CLANG_WARN_COMMA = YES;
				CLANG_WARN_CONSTANT_CONVERSION = YES;
				CLANG_WARN_DEPRECATED_OBJC_IMPLEMENTATIONS = YES;
				CLANG_WARN_DIRECT_OBJC_ISA_USAGE = YES_ERROR;
				CLANG_WARN_DOCUMENTATION_COMMENTS = YES;
				CLANG_WARN_EMPTY_BODY = YES;
				CLANG_WARN_ENUM_CONVERSION = YES;
				CLANG_WARN_INFINITE_RECURSION = YES;
				CLANG_WARN_INT_CONVERSION = YES;
				CLANG_WARN_NON_LITERAL_NULL_CONVERSION = YES;
				CLANG_WARN_OBJC_IMPLICIT_RETAIN_SELF = YES;
				CLANG_WARN_OBJC_LITERAL_CONVERSION = YES;
				CLANG_WARN_OBJC_ROOT_CLASS = YES_ERROR;
				CLANG_WARN_QUOTED_INCLUDE_IN_FRAMEWORK_HEADER = YES;
				CLANG_WARN_RANGE_LOOP_ANALYSIS = YES;
				CLANG_WARN_STRICT_PROTOTYPES = YES;
				CLANG_WARN_SUSPICIOUS_MOVE = YES;
				CLANG_WARN_UNGUARDED_AVAILABILITY = YES_AGGRESSIVE;
				CLANG_WARN_UNREACHABLE_CODE = YES;
				CLANG_WARN__DUPLICATE_METHOD_MATCH = YES;
				COPY_PHASE_STRIP = NO;
				DEBUG_INFORMATION_FORMAT = dwarf;
				ENABLE_STRICT_OBJC_MSGSEND = YES;
				ENABLE_TESTABILITY = YES;
				ENABLE_USER_SCRIPT_SANDBOXING = YES;
				GCC_C_LANGUAGE_STANDARD = gnu17;
				GCC_DYNAMIC_NO_PIC = NO;
				GCC_NO_COMMON_BLOCKS = YES;
				GCC_OPTIMIZATION_LEVEL = 0;
				GCC_PREPROCESSOR_DEFINITIONS = (
					"DEBUG=1",
					"$(inherited)",
				);
				GCC_WARN_64_TO_32_BIT_CONVERSION = YES;
				GCC_WARN_ABOUT_RETURN_TYPE = YES_ERROR;
				GCC_WARN_UNDECLARED_SELECTOR = YES;
				GCC_WARN_UNINITIALIZED_AUTOS = YES_AGGRESSIVE;
				GCC_WARN_UNUSED_FUNCTION = YES;
				GCC_WARN_UNUSED_VARIABLE = YES;
				IPHONEOS_DEPLOYMENT_TARGET = 13.0;
				LOCALIZATION_PREFERS_STRING_CATALOGS = YES;
				MTL_ENABLE_DEBUG_INFO = INCLUDE_SOURCE;
				MTL_FAST_MATH = YES;
				ONLY_ACTIVE_ARCH = YES;
				SDKROOT = iphoneos;
				SWIFT_ACTIVE_COMPILATION_CONDITIONS = "DEBUG $(inherited)";
				SWIFT_OPTIMIZATION_LEVEL = "-Onone";
			};
			name = Debug;
		};
		FA3148232B1B27A6006E5BE9 /* Release */ = {
			isa = XCBuildConfiguration;
			buildSettings = {
				ALWAYS_SEARCH_USER_PATHS = NO;
				ASSETCATALOG_COMPILER_GENERATE_SWIFT_ASSET_SYMBOL_EXTENSIONS = YES;
				CLANG_ANALYZER_NONNULL = YES;
				CLANG_ANALYZER_NUMBER_OBJECT_CONVERSION = YES_AGGRESSIVE;
				CLANG_CXX_LANGUAGE_STANDARD = "gnu++20";
				CLANG_ENABLE_MODULES = YES;
				CLANG_ENABLE_OBJC_ARC = YES;
				CLANG_ENABLE_OBJC_WEAK = YES;
				CLANG_WARN_BLOCK_CAPTURE_AUTORELEASING = YES;
				CLANG_WARN_BOOL_CONVERSION = YES;
				CLANG_WARN_COMMA = YES;
				CLANG_WARN_CONSTANT_CONVERSION = YES;
				CLANG_WARN_DEPRECATED_OBJC_IMPLEMENTATIONS = YES;
				CLANG_WARN_DIRECT_OBJC_ISA_USAGE = YES_ERROR;
				CLANG_WARN_DOCUMENTATION_COMMENTS = YES;
				CLANG_WARN_EMPTY_BODY = YES;
				CLANG_WARN_ENUM_CONVERSION = YES;
				CLANG_WARN_INFINITE_RECURSION = YES;
				CLANG_WARN_INT_CONVERSION = YES;
				CLANG_WARN_NON_LITERAL_NULL_CONVERSION = YES;
				CLANG_WARN_OBJC_IMPLICIT_RETAIN_SELF = YES;
				CLANG_WARN_OBJC_LITERAL_CONVERSION = YES;
				CLANG_WARN_OBJC_ROOT_CLASS = YES_ERROR;
				CLANG_WARN_QUOTED_INCLUDE_IN_FRAMEWORK_HEADER = YES;
				CLANG_WARN_RANGE_LOOP_ANALYSIS = YES;
				CLANG_WARN_STRICT_PROTOTYPES = YES;
				CLANG_WARN_SUSPICIOUS_MOVE = YES;
				CLANG_WARN_UNGUARDED_AVAILABILITY = YES_AGGRESSIVE;
				CLANG_WARN_UNREACHABLE_CODE = YES;
				CLANG_WARN__DUPLICATE_METHOD_MATCH = YES;
				COPY_PHASE_STRIP = NO;
				DEBUG_INFORMATION_FORMAT = "dwarf-with-dsym";
				ENABLE_NS_ASSERTIONS = NO;
				ENABLE_STRICT_OBJC_MSGSEND = YES;
				ENABLE_USER_SCRIPT_SANDBOXING = YES;
				GCC_C_LANGUAGE_STANDARD = gnu17;
				GCC_NO_COMMON_BLOCKS = YES;
				GCC_WARN_64_TO_32_BIT_CONVERSION = YES;
				GCC_WARN_ABOUT_RETURN_TYPE = YES_ERROR;
				GCC_WARN_UNDECLARED_SELECTOR = YES;
				GCC_WARN_UNINITIALIZED_AUTOS = YES_AGGRESSIVE;
				GCC_WARN_UNUSED_FUNCTION = YES;
				GCC_WARN_UNUSED_VARIABLE = YES;
				IPHONEOS_DEPLOYMENT_TARGET = 13.0;
				LOCALIZATION_PREFERS_STRING_CATALOGS = YES;
				MTL_ENABLE_DEBUG_INFO = NO;
				MTL_FAST_MATH = YES;
				SDKROOT = iphoneos;
				SWIFT_COMPILATION_MODE = wholemodule;
				VALIDATE_PRODUCT = YES;
			};
			name = Release;
		};
		FA3148252B1B27A6006E5BE9 /* Debug */ = {
			isa = XCBuildConfiguration;
			buildSettings = {
				ASSETCATALOG_COMPILER_APPICON_NAME = AppIcon;
				ASSETCATALOG_COMPILER_GLOBAL_ACCENT_COLOR_NAME = AccentColor;
				CODE_SIGN_STYLE = Automatic;
				CURRENT_PROJECT_VERSION = 1;
				DEVELOPMENT_TEAM = L23B96GPNM;
				GENERATE_INFOPLIST_FILE = YES;
				INFOPLIST_FILE = ImageFeed/Info.plist;
				INFOPLIST_KEY_UIApplicationSupportsIndirectInputEvents = YES;
				INFOPLIST_KEY_UILaunchStoryboardName = LaunchScreen;
				INFOPLIST_KEY_UIMainStoryboardFile = Main;
				INFOPLIST_KEY_UISupportedInterfaceOrientations_iPad = "UIInterfaceOrientationPortrait UIInterfaceOrientationPortraitUpsideDown UIInterfaceOrientationLandscapeLeft UIInterfaceOrientationLandscapeRight";
				INFOPLIST_KEY_UISupportedInterfaceOrientations_iPhone = UIInterfaceOrientationPortrait;
				IPHONEOS_DEPLOYMENT_TARGET = 13.0;
				LD_RUNPATH_SEARCH_PATHS = (
					"$(inherited)",
					"@executable_path/Frameworks",
				);
				MARKETING_VERSION = 1.0;
				PRODUCT_BUNDLE_IDENTIFIER = ru.alexpetrenko.ImageFeed;
				PRODUCT_NAME = "$(TARGET_NAME)";
				SUPPORTED_PLATFORMS = "iphoneos iphonesimulator";
				SUPPORTS_MACCATALYST = NO;
				SWIFT_EMIT_LOC_STRINGS = YES;
				SWIFT_VERSION = 5.0;
				TARGETED_DEVICE_FAMILY = 1;
			};
			name = Debug;
		};
		FA3148262B1B27A6006E5BE9 /* Release */ = {
			isa = XCBuildConfiguration;
			buildSettings = {
				ASSETCATALOG_COMPILER_APPICON_NAME = AppIcon;
				ASSETCATALOG_COMPILER_GLOBAL_ACCENT_COLOR_NAME = AccentColor;
				CODE_SIGN_STYLE = Automatic;
				CURRENT_PROJECT_VERSION = 1;
				DEVELOPMENT_TEAM = L23B96GPNM;
				GENERATE_INFOPLIST_FILE = YES;
				INFOPLIST_FILE = ImageFeed/Info.plist;
				INFOPLIST_KEY_UIApplicationSupportsIndirectInputEvents = YES;
				INFOPLIST_KEY_UILaunchStoryboardName = LaunchScreen;
				INFOPLIST_KEY_UIMainStoryboardFile = Main;
				INFOPLIST_KEY_UISupportedInterfaceOrientations_iPad = "UIInterfaceOrientationPortrait UIInterfaceOrientationPortraitUpsideDown UIInterfaceOrientationLandscapeLeft UIInterfaceOrientationLandscapeRight";
				INFOPLIST_KEY_UISupportedInterfaceOrientations_iPhone = UIInterfaceOrientationPortrait;
				IPHONEOS_DEPLOYMENT_TARGET = 13.0;
				LD_RUNPATH_SEARCH_PATHS = (
					"$(inherited)",
					"@executable_path/Frameworks",
				);
				MARKETING_VERSION = 1.0;
				PRODUCT_BUNDLE_IDENTIFIER = ru.alexpetrenko.ImageFeed;
				PRODUCT_NAME = "$(TARGET_NAME)";
				SUPPORTED_PLATFORMS = "iphoneos iphonesimulator";
				SUPPORTS_MACCATALYST = NO;
				SWIFT_EMIT_LOC_STRINGS = YES;
				SWIFT_VERSION = 5.0;
				TARGETED_DEVICE_FAMILY = 1;
			};
			name = Release;
		};
/* End XCBuildConfiguration section */

/* Begin XCConfigurationList section */
		FA31480B2B1B27A5006E5BE9 /* Build configuration list for PBXProject "ImageFeed" */ = {
			isa = XCConfigurationList;
			buildConfigurations = (
				FA3148222B1B27A6006E5BE9 /* Debug */,
				FA3148232B1B27A6006E5BE9 /* Release */,
			);
			defaultConfigurationIsVisible = 0;
			defaultConfigurationName = Release;
		};
		FA3148242B1B27A6006E5BE9 /* Build configuration list for PBXNativeTarget "ImageFeed" */ = {
			isa = XCConfigurationList;
			buildConfigurations = (
				FA3148252B1B27A6006E5BE9 /* Debug */,
				FA3148262B1B27A6006E5BE9 /* Release */,
			);
			defaultConfigurationIsVisible = 0;
			defaultConfigurationName = Release;
		};
/* End XCConfigurationList section */
	};
	rootObject = FA3148082B1B27A5006E5BE9 /* Project object */;
}
